// !$*UTF8*$!
{
	archiveVersion = 1;
	classes = {
	};
	objectVersion = 55;
	objects = {

/* Begin PBXBuildFile section */
		32598CF1CDAB9D6D5B2936F3 /* UserModal.swift in Sources */ = {isa = PBXBuildFile; fileRef = 32598435C91DB7979B6E2FCB /* UserModal.swift */; };
		CF28C9E228BE5672000DF3D9 /* MessageListView.swift in Sources */ = {isa = PBXBuildFile; fileRef = CF28C9E128BE5672000DF3D9 /* MessageListView.swift */; };
		CF28C9E428BE5691000DF3D9 /* EditorView.swift in Sources */ = {isa = PBXBuildFile; fileRef = CF28C9E328BE5691000DF3D9 /* EditorView.swift */; };
		CF3E30B228C871420023DD2E /* RootViewModal.swift in Sources */ = {isa = PBXBuildFile; fileRef = CF3E30B128C871420023DD2E /* RootViewModal.swift */; };
		CF3E30B528C88D910023DD2E /* GlobalStore.swift in Sources */ = {isa = PBXBuildFile; fileRef = CF3E30B428C88D910023DD2E /* GlobalStore.swift */; };
		CF826CE628C78915002A260A /* RootView.swift in Sources */ = {isa = PBXBuildFile; fileRef = CF826CE528C78915002A260A /* RootView.swift */; };
		CF826CE928C78A15002A260A /* LoginView.swift in Sources */ = {isa = PBXBuildFile; fileRef = CF826CE828C78A15002A260A /* LoginView.swift */; };
		CF9E04B428B9F35B00FA9881 /* open_chatApp.swift in Sources */ = {isa = PBXBuildFile; fileRef = CF9E04B328B9F35B00FA9881 /* open_chatApp.swift */; };
		CF9E04B628B9F35B00FA9881 /* ContentView.swift in Sources */ = {isa = PBXBuildFile; fileRef = CF9E04B528B9F35B00FA9881 /* ContentView.swift */; };
		CF9E04B828B9F35F00FA9881 /* Assets.xcassets in Resources */ = {isa = PBXBuildFile; fileRef = CF9E04B728B9F35F00FA9881 /* Assets.xcassets */; };
		CF9E04BB28B9F35F00FA9881 /* Preview Assets.xcassets in Resources */ = {isa = PBXBuildFile; fileRef = CF9E04BA28B9F35F00FA9881 /* Preview Assets.xcassets */; };
		CF9E04C528B9F35F00FA9881 /* open_chatTests.swift in Sources */ = {isa = PBXBuildFile; fileRef = CF9E04C428B9F35F00FA9881 /* open_chatTests.swift */; };
		CF9E04CF28B9F35F00FA9881 /* open_chatUITests.swift in Sources */ = {isa = PBXBuildFile; fileRef = CF9E04CE28B9F35F00FA9881 /* open_chatUITests.swift */; };
		CF9E04D128B9F35F00FA9881 /* open_chatUITestsLaunchTests.swift in Sources */ = {isa = PBXBuildFile; fileRef = CF9E04D028B9F35F00FA9881 /* open_chatUITestsLaunchTests.swift */; };
		CF9E04E228BA487800FA9881 /* AccountView.swift in Sources */ = {isa = PBXBuildFile; fileRef = CF9E04E128BA487800FA9881 /* AccountView.swift */; };
		CF9E04E428BA48D900FA9881 /* ContactsView.swift in Sources */ = {isa = PBXBuildFile; fileRef = CF9E04E328BA48D900FA9881 /* ContactsView.swift */; };
		CF9E04E628BA48FB00FA9881 /* ChatListView.swift in Sources */ = {isa = PBXBuildFile; fileRef = CF9E04E528BA48FB00FA9881 /* ChatListView.swift */; };
		CF9E04E828BB31D000FA9881 /* ChatRowView.swift in Sources */ = {isa = PBXBuildFile; fileRef = CF9E04E728BB31D000FA9881 /* ChatRowView.swift */; };
		CF9E04EA28BB841A00FA9881 /* ContactsRowVIew.swift in Sources */ = {isa = PBXBuildFile; fileRef = CF9E04E928BB841A00FA9881 /* ContactsRowVIew.swift */; };
		CF9E04EF28BBAB0E00FA9881 /* ChatView.swift in Sources */ = {isa = PBXBuildFile; fileRef = CF9E04EE28BBAB0E00FA9881 /* ChatView.swift */; };
		CF9E04F128BD073100FA9881 /* AccountRowView.swift in Sources */ = {isa = PBXBuildFile; fileRef = CF9E04F028BD073100FA9881 /* AccountRowView.swift */; };
/* End PBXBuildFile section */

/* Begin PBXContainerItemProxy section */
		CF9E04C128B9F35F00FA9881 /* PBXContainerItemProxy */ = {
			isa = PBXContainerItemProxy;
			containerPortal = CF9E04A828B9F35B00FA9881 /* Project object */;
			proxyType = 1;
			remoteGlobalIDString = CF9E04AF28B9F35B00FA9881;
			remoteInfo = "open-chat";
		};
		CF9E04CB28B9F35F00FA9881 /* PBXContainerItemProxy */ = {
			isa = PBXContainerItemProxy;
			containerPortal = CF9E04A828B9F35B00FA9881 /* Project object */;
			proxyType = 1;
			remoteGlobalIDString = CF9E04AF28B9F35B00FA9881;
			remoteInfo = "open-chat";
		};
/* End PBXContainerItemProxy section */

/* Begin PBXFileReference section */
		32598435C91DB7979B6E2FCB /* UserModal.swift */ = {isa = PBXFileReference; fileEncoding = 4; lastKnownFileType = sourcecode.swift; path = UserModal.swift; sourceTree = "<group>"; };
		CF28C9E128BE5672000DF3D9 /* MessageListView.swift */ = {isa = PBXFileReference; lastKnownFileType = sourcecode.swift; path = MessageListView.swift; sourceTree = "<group>"; };
		CF28C9E328BE5691000DF3D9 /* EditorView.swift */ = {isa = PBXFileReference; lastKnownFileType = sourcecode.swift; path = EditorView.swift; sourceTree = "<group>"; };
		CF3E30B128C871420023DD2E /* RootViewModal.swift */ = {isa = PBXFileReference; lastKnownFileType = sourcecode.swift; path = RootViewModal.swift; sourceTree = "<group>"; };
		CF3E30B428C88D910023DD2E /* GlobalStore.swift */ = {isa = PBXFileReference; lastKnownFileType = sourcecode.swift; path = GlobalStore.swift; sourceTree = "<group>"; };
		CF826CE528C78915002A260A /* RootView.swift */ = {isa = PBXFileReference; lastKnownFileType = sourcecode.swift; path = RootView.swift; sourceTree = "<group>"; };
		CF826CE828C78A15002A260A /* LoginView.swift */ = {isa = PBXFileReference; lastKnownFileType = sourcecode.swift; path = LoginView.swift; sourceTree = "<group>"; };
		CF9E04B028B9F35B00FA9881 /* open-chat.app */ = {isa = PBXFileReference; explicitFileType = wrapper.application; includeInIndex = 0; path = "open-chat.app"; sourceTree = BUILT_PRODUCTS_DIR; };
		CF9E04B328B9F35B00FA9881 /* open_chatApp.swift */ = {isa = PBXFileReference; lastKnownFileType = sourcecode.swift; path = open_chatApp.swift; sourceTree = "<group>"; };
		CF9E04B528B9F35B00FA9881 /* ContentView.swift */ = {isa = PBXFileReference; lastKnownFileType = sourcecode.swift; path = ContentView.swift; sourceTree = "<group>"; };
		CF9E04B728B9F35F00FA9881 /* Assets.xcassets */ = {isa = PBXFileReference; lastKnownFileType = folder.assetcatalog; path = Assets.xcassets; sourceTree = "<group>"; };
		CF9E04BA28B9F35F00FA9881 /* Preview Assets.xcassets */ = {isa = PBXFileReference; lastKnownFileType = folder.assetcatalog; path = "Preview Assets.xcassets"; sourceTree = "<group>"; };
		CF9E04C028B9F35F00FA9881 /* open-chatTests.xctest */ = {isa = PBXFileReference; explicitFileType = wrapper.cfbundle; includeInIndex = 0; path = "open-chatTests.xctest"; sourceTree = BUILT_PRODUCTS_DIR; };
		CF9E04C428B9F35F00FA9881 /* open_chatTests.swift */ = {isa = PBXFileReference; lastKnownFileType = sourcecode.swift; path = open_chatTests.swift; sourceTree = "<group>"; };
		CF9E04CA28B9F35F00FA9881 /* open-chatUITests.xctest */ = {isa = PBXFileReference; explicitFileType = wrapper.cfbundle; includeInIndex = 0; path = "open-chatUITests.xctest"; sourceTree = BUILT_PRODUCTS_DIR; };
		CF9E04CE28B9F35F00FA9881 /* open_chatUITests.swift */ = {isa = PBXFileReference; lastKnownFileType = sourcecode.swift; path = open_chatUITests.swift; sourceTree = "<group>"; };
		CF9E04D028B9F35F00FA9881 /* open_chatUITestsLaunchTests.swift */ = {isa = PBXFileReference; lastKnownFileType = sourcecode.swift; path = open_chatUITestsLaunchTests.swift; sourceTree = "<group>"; };
		CF9E04E128BA487800FA9881 /* AccountView.swift */ = {isa = PBXFileReference; lastKnownFileType = sourcecode.swift; path = AccountView.swift; sourceTree = "<group>"; };
		CF9E04E328BA48D900FA9881 /* ContactsView.swift */ = {isa = PBXFileReference; lastKnownFileType = sourcecode.swift; path = ContactsView.swift; sourceTree = "<group>"; };
		CF9E04E528BA48FB00FA9881 /* ChatListView.swift */ = {isa = PBXFileReference; lastKnownFileType = sourcecode.swift; path = ChatListView.swift; sourceTree = "<group>"; };
		CF9E04E728BB31D000FA9881 /* ChatRowView.swift */ = {isa = PBXFileReference; lastKnownFileType = sourcecode.swift; path = ChatRowView.swift; sourceTree = "<group>"; };
		CF9E04E928BB841A00FA9881 /* ContactsRowVIew.swift */ = {isa = PBXFileReference; lastKnownFileType = sourcecode.swift; path = ContactsRowVIew.swift; sourceTree = "<group>"; };
		CF9E04EE28BBAB0E00FA9881 /* ChatView.swift */ = {isa = PBXFileReference; lastKnownFileType = sourcecode.swift; path = ChatView.swift; sourceTree = "<group>"; };
		CF9E04F028BD073100FA9881 /* AccountRowView.swift */ = {isa = PBXFileReference; lastKnownFileType = sourcecode.swift; path = AccountRowView.swift; sourceTree = "<group>"; };
/* End PBXFileReference section */

/* Begin PBXFrameworksBuildPhase section */
		CF9E04AD28B9F35B00FA9881 /* Frameworks */ = {
			isa = PBXFrameworksBuildPhase;
			buildActionMask = 2147483647;
			files = (
			);
			runOnlyForDeploymentPostprocessing = 0;
		};
		CF9E04BD28B9F35F00FA9881 /* Frameworks */ = {
			isa = PBXFrameworksBuildPhase;
			buildActionMask = 2147483647;
			files = (
			);
			runOnlyForDeploymentPostprocessing = 0;
		};
		CF9E04C728B9F35F00FA9881 /* Frameworks */ = {
			isa = PBXFrameworksBuildPhase;
			buildActionMask = 2147483647;
			files = (
			);
			runOnlyForDeploymentPostprocessing = 0;
		};
/* End PBXFrameworksBuildPhase section */

/* Begin PBXGroup section */
		CF3E30B028C871100023DD2E /* Model */ = {
			isa = PBXGroup;
			children = (
				CF3E30B128C871420023DD2E /* RootViewModal.swift */,
				32598435C91DB7979B6E2FCB /* UserModal.swift */,
			);
			path = Model;
			sourceTree = "<group>";
		};
		CF3E30B328C88C500023DD2E /* store */ = {
			isa = PBXGroup;
			children = (
				CF3E30B428C88D910023DD2E /* GlobalStore.swift */,
			);
			path = store;
			sourceTree = "<group>";
		};
		CF826CE728C789F7002A260A /* login */ = {
			isa = PBXGroup;
			children = (
				CF826CE828C78A15002A260A /* LoginView.swift */,
			);
			path = login;
			sourceTree = "<group>";
		};
		CF9E04A728B9F35B00FA9881 = {
			isa = PBXGroup;
			children = (
				CF9E04B228B9F35B00FA9881 /* open-chat */,
				CF9E04C328B9F35F00FA9881 /* open-chatTests */,
				CF9E04CD28B9F35F00FA9881 /* open-chatUITests */,
				CF9E04B128B9F35B00FA9881 /* Products */,
			);
			sourceTree = "<group>";
		};
		CF9E04B128B9F35B00FA9881 /* Products */ = {
			isa = PBXGroup;
			children = (
				CF9E04B028B9F35B00FA9881 /* open-chat.app */,
				CF9E04C028B9F35F00FA9881 /* open-chatTests.xctest */,
				CF9E04CA28B9F35F00FA9881 /* open-chatUITests.xctest */,
			);
			name = Products;
			sourceTree = "<group>";
		};
		CF9E04B228B9F35B00FA9881 /* open-chat */ = {
			isa = PBXGroup;
			children = (
				CF3E30B328C88C500023DD2E /* store */,
				CF3E30B028C871100023DD2E /* Model */,
				CF9E04DD28B9FC8600FA9881 /* ui */,
				CF9E04B328B9F35B00FA9881 /* open_chatApp.swift */,
				CF9E04B528B9F35B00FA9881 /* ContentView.swift */,
				CF9E04B728B9F35F00FA9881 /* Assets.xcassets */,
				CF9E04B928B9F35F00FA9881 /* Preview Content */,
				CF826CE528C78915002A260A /* RootView.swift */,
			);
			path = "open-chat";
			sourceTree = "<group>";
		};
		CF9E04B928B9F35F00FA9881 /* Preview Content */ = {
			isa = PBXGroup;
			children = (
				CF9E04BA28B9F35F00FA9881 /* Preview Assets.xcassets */,
			);
			path = "Preview Content";
			sourceTree = "<group>";
		};
		CF9E04C328B9F35F00FA9881 /* open-chatTests */ = {
			isa = PBXGroup;
			children = (
				CF9E04C428B9F35F00FA9881 /* open_chatTests.swift */,
			);
			path = "open-chatTests";
			sourceTree = "<group>";
		};
		CF9E04CD28B9F35F00FA9881 /* open-chatUITests */ = {
			isa = PBXGroup;
			children = (
				CF9E04CE28B9F35F00FA9881 /* open_chatUITests.swift */,
				CF9E04D028B9F35F00FA9881 /* open_chatUITestsLaunchTests.swift */,
			);
			path = "open-chatUITests";
			sourceTree = "<group>";
		};
		CF9E04DD28B9FC8600FA9881 /* ui */ = {
			isa = PBXGroup;
			children = (
				CF826CE728C789F7002A260A /* login */,
				CF9E04EB28BBAAC300FA9881 /* chat */,
				CF9E04E028BA481500FA9881 /* account */,
				CF9E04DF28BA47FC00FA9881 /* chatlist */,
				CF9E04DE28BA47E100FA9881 /* contacts */,
			);
			path = ui;
			sourceTree = "<group>";
		};
		CF9E04DE28BA47E100FA9881 /* contacts */ = {
			isa = PBXGroup;
			children = (
				CF9E04E328BA48D900FA9881 /* ContactsView.swift */,
				CF9E04E928BB841A00FA9881 /* ContactsRowVIew.swift */,
			);
			path = contacts;
			sourceTree = "<group>";
		};
		CF9E04DF28BA47FC00FA9881 /* chatlist */ = {
			isa = PBXGroup;
			children = (
				CF9E04E528BA48FB00FA9881 /* ChatListView.swift */,
				CF9E04E728BB31D000FA9881 /* ChatRowView.swift */,
			);
			path = chatlist;
			sourceTree = "<group>";
		};
		CF9E04E028BA481500FA9881 /* account */ = {
			isa = PBXGroup;
			children = (
				CF9E04E128BA487800FA9881 /* AccountView.swift */,
				CF9E04F028BD073100FA9881 /* AccountRowView.swift */,
			);
			path = account;
			sourceTree = "<group>";
		};
		CF9E04EB28BBAAC300FA9881 /* chat */ = {
			isa = PBXGroup;
			children = (
				CF9E04EE28BBAB0E00FA9881 /* ChatView.swift */,
				CF28C9E128BE5672000DF3D9 /* MessageListView.swift */,
				CF28C9E328BE5691000DF3D9 /* EditorView.swift */,
			);
			path = chat;
			sourceTree = "<group>";
		};
/* End PBXGroup section */

/* Begin PBXNativeTarget section */
		CF9E04AF28B9F35B00FA9881 /* open-chat */ = {
			isa = PBXNativeTarget;
			buildConfigurationList = CF9E04D428B9F35F00FA9881 /* Build configuration list for PBXNativeTarget "open-chat" */;
			buildPhases = (
				CF9E04AC28B9F35B00FA9881 /* Sources */,
				CF9E04AD28B9F35B00FA9881 /* Frameworks */,
				CF9E04AE28B9F35B00FA9881 /* Resources */,
			);
			buildRules = (
			);
			dependencies = (
			);
			name = "open-chat";
			productName = "open-chat";
			productReference = CF9E04B028B9F35B00FA9881 /* open-chat.app */;
			productType = "com.apple.product-type.application";
		};
		CF9E04BF28B9F35F00FA9881 /* open-chatTests */ = {
			isa = PBXNativeTarget;
			buildConfigurationList = CF9E04D728B9F35F00FA9881 /* Build configuration list for PBXNativeTarget "open-chatTests" */;
			buildPhases = (
				CF9E04BC28B9F35F00FA9881 /* Sources */,
				CF9E04BD28B9F35F00FA9881 /* Frameworks */,
				CF9E04BE28B9F35F00FA9881 /* Resources */,
			);
			buildRules = (
			);
			dependencies = (
				CF9E04C228B9F35F00FA9881 /* PBXTargetDependency */,
			);
			name = "open-chatTests";
			productName = "open-chatTests";
			productReference = CF9E04C028B9F35F00FA9881 /* open-chatTests.xctest */;
			productType = "com.apple.product-type.bundle.unit-test";
		};
		CF9E04C928B9F35F00FA9881 /* open-chatUITests */ = {
			isa = PBXNativeTarget;
			buildConfigurationList = CF9E04DA28B9F35F00FA9881 /* Build configuration list for PBXNativeTarget "open-chatUITests" */;
			buildPhases = (
				CF9E04C628B9F35F00FA9881 /* Sources */,
				CF9E04C728B9F35F00FA9881 /* Frameworks */,
				CF9E04C828B9F35F00FA9881 /* Resources */,
			);
			buildRules = (
			);
			dependencies = (
				CF9E04CC28B9F35F00FA9881 /* PBXTargetDependency */,
			);
			name = "open-chatUITests";
			productName = "open-chatUITests";
			productReference = CF9E04CA28B9F35F00FA9881 /* open-chatUITests.xctest */;
			productType = "com.apple.product-type.bundle.ui-testing";
		};
/* End PBXNativeTarget section */

/* Begin PBXProject section */
		CF9E04A828B9F35B00FA9881 /* Project object */ = {
			isa = PBXProject;
			attributes = {
				BuildIndependentTargetsInParallel = 1;
				LastSwiftUpdateCheck = 1340;
				LastUpgradeCheck = 1340;
				TargetAttributes = {
					CF9E04AF28B9F35B00FA9881 = {
						CreatedOnToolsVersion = 13.4.1;
					};
					CF9E04BF28B9F35F00FA9881 = {
						CreatedOnToolsVersion = 13.4.1;
						TestTargetID = CF9E04AF28B9F35B00FA9881;
					};
					CF9E04C928B9F35F00FA9881 = {
						CreatedOnToolsVersion = 13.4.1;
						TestTargetID = CF9E04AF28B9F35B00FA9881;
					};
				};
			};
			buildConfigurationList = CF9E04AB28B9F35B00FA9881 /* Build configuration list for PBXProject "open-chat" */;
			compatibilityVersion = "Xcode 13.0";
			developmentRegion = en;
			hasScannedForEncodings = 0;
			knownRegions = (
				en,
				Base,
			);
			mainGroup = CF9E04A728B9F35B00FA9881;
			productRefGroup = CF9E04B128B9F35B00FA9881 /* Products */;
			projectDirPath = "";
			projectRoot = "";
			targets = (
				CF9E04AF28B9F35B00FA9881 /* open-chat */,
				CF9E04BF28B9F35F00FA9881 /* open-chatTests */,
				CF9E04C928B9F35F00FA9881 /* open-chatUITests */,
			);
		};
/* End PBXProject section */

/* Begin PBXResourcesBuildPhase section */
		CF9E04AE28B9F35B00FA9881 /* Resources */ = {
			isa = PBXResourcesBuildPhase;
			buildActionMask = 2147483647;
			files = (
				CF9E04BB28B9F35F00FA9881 /* Preview Assets.xcassets in Resources */,
				CF9E04B828B9F35F00FA9881 /* Assets.xcassets in Resources */,
			);
			runOnlyForDeploymentPostprocessing = 0;
		};
		CF9E04BE28B9F35F00FA9881 /* Resources */ = {
			isa = PBXResourcesBuildPhase;
			buildActionMask = 2147483647;
			files = (
			);
			runOnlyForDeploymentPostprocessing = 0;
		};
		CF9E04C828B9F35F00FA9881 /* Resources */ = {
			isa = PBXResourcesBuildPhase;
			buildActionMask = 2147483647;
			files = (
			);
			runOnlyForDeploymentPostprocessing = 0;
		};
/* End PBXResourcesBuildPhase section */

/* Begin PBXSourcesBuildPhase section */
		CF9E04AC28B9F35B00FA9881 /* Sources */ = {
			isa = PBXSourcesBuildPhase;
			buildActionMask = 2147483647;
			files = (
				CF9E04E228BA487800FA9881 /* AccountView.swift in Sources */,
				CF9E04E628BA48FB00FA9881 /* ChatListView.swift in Sources */,
				CF28C9E428BE5691000DF3D9 /* EditorView.swift in Sources */,
				CF9E04B628B9F35B00FA9881 /* ContentView.swift in Sources */,
				CF9E04E828BB31D000FA9881 /* ChatRowView.swift in Sources */,
				CF9E04EF28BBAB0E00FA9881 /* ChatView.swift in Sources */,
				CF3E30B228C871420023DD2E /* RootViewModal.swift in Sources */,
				CF9E04F128BD073100FA9881 /* AccountRowView.swift in Sources */,
				CF9E04EA28BB841A00FA9881 /* ContactsRowVIew.swift in Sources */,
				CF826CE628C78915002A260A /* RootView.swift in Sources */,
				CF9E04B428B9F35B00FA9881 /* open_chatApp.swift in Sources */,
				CF826CE928C78A15002A260A /* LoginView.swift in Sources */,
				CF28C9E228BE5672000DF3D9 /* MessageListView.swift in Sources */,
				CF9E04E428BA48D900FA9881 /* ContactsView.swift in Sources */,
				CF3E30B528C88D910023DD2E /* GlobalStore.swift in Sources */,
				32598CF1CDAB9D6D5B2936F3 /* UserModal.swift in Sources */,
			);
			runOnlyForDeploymentPostprocessing = 0;
		};
		CF9E04BC28B9F35F00FA9881 /* Sources */ = {
			isa = PBXSourcesBuildPhase;
			buildActionMask = 2147483647;
			files = (
				CF9E04C528B9F35F00FA9881 /* open_chatTests.swift in Sources */,
			);
			runOnlyForDeploymentPostprocessing = 0;
		};
		CF9E04C628B9F35F00FA9881 /* Sources */ = {
			isa = PBXSourcesBuildPhase;
			buildActionMask = 2147483647;
			files = (
				CF9E04D128B9F35F00FA9881 /* open_chatUITestsLaunchTests.swift in Sources */,
				CF9E04CF28B9F35F00FA9881 /* open_chatUITests.swift in Sources */,
			);
			runOnlyForDeploymentPostprocessing = 0;
		};
/* End PBXSourcesBuildPhase section */

/* Begin PBXTargetDependency section */
		CF9E04C228B9F35F00FA9881 /* PBXTargetDependency */ = {
			isa = PBXTargetDependency;
			target = CF9E04AF28B9F35B00FA9881 /* open-chat */;
			targetProxy = CF9E04C128B9F35F00FA9881 /* PBXContainerItemProxy */;
		};
		CF9E04CC28B9F35F00FA9881 /* PBXTargetDependency */ = {
			isa = PBXTargetDependency;
			target = CF9E04AF28B9F35B00FA9881 /* open-chat */;
			targetProxy = CF9E04CB28B9F35F00FA9881 /* PBXContainerItemProxy */;
		};
/* End PBXTargetDependency section */

/* Begin XCBuildConfiguration section */
		CF9E04D228B9F35F00FA9881 /* Debug */ = {
			isa = XCBuildConfiguration;
			buildSettings = {
				ALWAYS_SEARCH_USER_PATHS = NO;
				CLANG_ANALYZER_NONNULL = YES;
				CLANG_ANALYZER_NUMBER_OBJECT_CONVERSION = YES_AGGRESSIVE;
				CLANG_CXX_LANGUAGE_STANDARD = "gnu++17";
				CLANG_ENABLE_MODULES = YES;
				CLANG_ENABLE_OBJC_ARC = YES;
				CLANG_ENABLE_OBJC_WEAK = YES;
				CLANG_WARN_BLOCK_CAPTURE_AUTORELEASING = YES;
				CLANG_WARN_BOOL_CONVERSION = YES;
				CLANG_WARN_COMMA = YES;
				CLANG_WARN_CONSTANT_CONVERSION = YES;
				CLANG_WARN_DEPRECATED_OBJC_IMPLEMENTATIONS = YES;
				CLANG_WARN_DIRECT_OBJC_ISA_USAGE = YES_ERROR;
				CLANG_WARN_DOCUMENTATION_COMMENTS = YES;
				CLANG_WARN_EMPTY_BODY = YES;
				CLANG_WARN_ENUM_CONVERSION = YES;
				CLANG_WARN_INFINITE_RECURSION = YES;
				CLANG_WARN_INT_CONVERSION = YES;
				CLANG_WARN_NON_LITERAL_NULL_CONVERSION = YES;
				CLANG_WARN_OBJC_IMPLICIT_RETAIN_SELF = YES;
				CLANG_WARN_OBJC_LITERAL_CONVERSION = YES;
				CLANG_WARN_OBJC_ROOT_CLASS = YES_ERROR;
				CLANG_WARN_QUOTED_INCLUDE_IN_FRAMEWORK_HEADER = YES;
				CLANG_WARN_RANGE_LOOP_ANALYSIS = YES;
				CLANG_WARN_STRICT_PROTOTYPES = YES;
				CLANG_WARN_SUSPICIOUS_MOVE = YES;
				CLANG_WARN_UNGUARDED_AVAILABILITY = YES_AGGRESSIVE;
				CLANG_WARN_UNREACHABLE_CODE = YES;
				CLANG_WARN__DUPLICATE_METHOD_MATCH = YES;
				COPY_PHASE_STRIP = NO;
				DEBUG_INFORMATION_FORMAT = dwarf;
				ENABLE_STRICT_OBJC_MSGSEND = YES;
				ENABLE_TESTABILITY = YES;
				GCC_C_LANGUAGE_STANDARD = gnu11;
				GCC_DYNAMIC_NO_PIC = NO;
				GCC_NO_COMMON_BLOCKS = YES;
				GCC_OPTIMIZATION_LEVEL = 0;
				GCC_PREPROCESSOR_DEFINITIONS = (
					"DEBUG=1",
					"$(inherited)",
				);
				GCC_WARN_64_TO_32_BIT_CONVERSION = YES;
				GCC_WARN_ABOUT_RETURN_TYPE = YES_ERROR;
				GCC_WARN_UNDECLARED_SELECTOR = YES;
				GCC_WARN_UNINITIALIZED_AUTOS = YES_AGGRESSIVE;
				GCC_WARN_UNUSED_FUNCTION = YES;
				GCC_WARN_UNUSED_VARIABLE = YES;
				IPHONEOS_DEPLOYMENT_TARGET = 15.5;
				MTL_ENABLE_DEBUG_INFO = INCLUDE_SOURCE;
				MTL_FAST_MATH = YES;
				ONLY_ACTIVE_ARCH = YES;
				SDKROOT = iphoneos;
				SWIFT_ACTIVE_COMPILATION_CONDITIONS = DEBUG;
				SWIFT_OPTIMIZATION_LEVEL = "-Onone";
			};
			name = Debug;
		};
		CF9E04D328B9F35F00FA9881 /* Release */ = {
			isa = XCBuildConfiguration;
			buildSettings = {
				ALWAYS_SEARCH_USER_PATHS = NO;
				CLANG_ANALYZER_NONNULL = YES;
				CLANG_ANALYZER_NUMBER_OBJECT_CONVERSION = YES_AGGRESSIVE;
				CLANG_CXX_LANGUAGE_STANDARD = "gnu++17";
				CLANG_ENABLE_MODULES = YES;
				CLANG_ENABLE_OBJC_ARC = YES;
				CLANG_ENABLE_OBJC_WEAK = YES;
				CLANG_WARN_BLOCK_CAPTURE_AUTORELEASING = YES;
				CLANG_WARN_BOOL_CONVERSION = YES;
				CLANG_WARN_COMMA = YES;
				CLANG_WARN_CONSTANT_CONVERSION = YES;
				CLANG_WARN_DEPRECATED_OBJC_IMPLEMENTATIONS = YES;
				CLANG_WARN_DIRECT_OBJC_ISA_USAGE = YES_ERROR;
				CLANG_WARN_DOCUMENTATION_COMMENTS = YES;
				CLANG_WARN_EMPTY_BODY = YES;
				CLANG_WARN_ENUM_CONVERSION = YES;
				CLANG_WARN_INFINITE_RECURSION = YES;
				CLANG_WARN_INT_CONVERSION = YES;
				CLANG_WARN_NON_LITERAL_NULL_CONVERSION = YES;
				CLANG_WARN_OBJC_IMPLICIT_RETAIN_SELF = YES;
				CLANG_WARN_OBJC_LITERAL_CONVERSION = YES;
				CLANG_WARN_OBJC_ROOT_CLASS = YES_ERROR;
				CLANG_WARN_QUOTED_INCLUDE_IN_FRAMEWORK_HEADER = YES;
				CLANG_WARN_RANGE_LOOP_ANALYSIS = YES;
				CLANG_WARN_STRICT_PROTOTYPES = YES;
				CLANG_WARN_SUSPICIOUS_MOVE = YES;
				CLANG_WARN_UNGUARDED_AVAILABILITY = YES_AGGRESSIVE;
				CLANG_WARN_UNREACHABLE_CODE = YES;
				CLANG_WARN__DUPLICATE_METHOD_MATCH = YES;
				COPY_PHASE_STRIP = NO;
				DEBUG_INFORMATION_FORMAT = "dwarf-with-dsym";
				ENABLE_NS_ASSERTIONS = NO;
				ENABLE_STRICT_OBJC_MSGSEND = YES;
				GCC_C_LANGUAGE_STANDARD = gnu11;
				GCC_NO_COMMON_BLOCKS = YES;
				GCC_WARN_64_TO_32_BIT_CONVERSION = YES;
				GCC_WARN_ABOUT_RETURN_TYPE = YES_ERROR;
				GCC_WARN_UNDECLARED_SELECTOR = YES;
				GCC_WARN_UNINITIALIZED_AUTOS = YES_AGGRESSIVE;
				GCC_WARN_UNUSED_FUNCTION = YES;
				GCC_WARN_UNUSED_VARIABLE = YES;
				IPHONEOS_DEPLOYMENT_TARGET = 15.5;
				MTL_ENABLE_DEBUG_INFO = NO;
				MTL_FAST_MATH = YES;
				SDKROOT = iphoneos;
				SWIFT_COMPILATION_MODE = wholemodule;
				SWIFT_OPTIMIZATION_LEVEL = "-O";
				VALIDATE_PRODUCT = YES;
			};
			name = Release;
		};
		CF9E04D528B9F35F00FA9881 /* Debug */ = {
			isa = XCBuildConfiguration;
			buildSettings = {
				ASSETCATALOG_COMPILER_APPICON_NAME = AppIcon;
				ASSETCATALOG_COMPILER_GLOBAL_ACCENT_COLOR_NAME = AccentColor;
				CODE_SIGN_STYLE = Automatic;
				CURRENT_PROJECT_VERSION = 1;
				DEVELOPMENT_ASSET_PATHS = "\"open-chat/Preview Content\"";
				ENABLE_PREVIEWS = YES;
				GENERATE_INFOPLIST_FILE = YES;
				INFOPLIST_KEY_UIApplicationSceneManifest_Generation = YES;
				INFOPLIST_KEY_UIApplicationSupportsIndirectInputEvents = YES;
				INFOPLIST_KEY_UILaunchScreen_Generation = YES;
				INFOPLIST_KEY_UISupportedInterfaceOrientations_iPad = "UIInterfaceOrientationPortrait UIInterfaceOrientationPortraitUpsideDown UIInterfaceOrientationLandscapeLeft UIInterfaceOrientationLandscapeRight";
				INFOPLIST_KEY_UISupportedInterfaceOrientations_iPhone = "UIInterfaceOrientationPortrait UIInterfaceOrientationLandscapeLeft UIInterfaceOrientationLandscapeRight";
				LD_RUNPATH_SEARCH_PATHS = (
					"$(inherited)",
					"@executable_path/Frameworks",
				);
				MARKETING_VERSION = 1.0;
				PRODUCT_BUNDLE_IDENTIFIER = "open-chat.open-chat";
				PRODUCT_NAME = "$(TARGET_NAME)";
				SWIFT_EMIT_LOC_STRINGS = YES;
				SWIFT_VERSION = 5.0;
				TARGETED_DEVICE_FAMILY = "1,2";
			};
			name = Debug;
		};
		CF9E04D628B9F35F00FA9881 /* Release */ = {
			isa = XCBuildConfiguration;
			buildSettings = {
				ASSETCATALOG_COMPILER_APPICON_NAME = AppIcon;
				ASSETCATALOG_COMPILER_GLOBAL_ACCENT_COLOR_NAME = AccentColor;
				CODE_SIGN_STYLE = Automatic;
				CURRENT_PROJECT_VERSION = 1;
				DEVELOPMENT_ASSET_PATHS = "\"open-chat/Preview Content\"";
				ENABLE_PREVIEWS = YES;
				GENERATE_INFOPLIST_FILE = YES;
				INFOPLIST_KEY_UIApplicationSceneManifest_Generation = YES;
				INFOPLIST_KEY_UIApplicationSupportsIndirectInputEvents = YES;
				INFOPLIST_KEY_UILaunchScreen_Generation = YES;
				INFOPLIST_KEY_UISupportedInterfaceOrientations_iPad = "UIInterfaceOrientationPortrait UIInterfaceOrientationPortraitUpsideDown UIInterfaceOrientationLandscapeLeft UIInterfaceOrientationLandscapeRight";
				INFOPLIST_KEY_UISupportedInterfaceOrientations_iPhone = "UIInterfaceOrientationPortrait UIInterfaceOrientationLandscapeLeft UIInterfaceOrientationLandscapeRight";
				LD_RUNPATH_SEARCH_PATHS = (
					"$(inherited)",
					"@executable_path/Frameworks",
				);
				MARKETING_VERSION = 1.0;
				PRODUCT_BUNDLE_IDENTIFIER = "open-chat.open-chat";
				PRODUCT_NAME = "$(TARGET_NAME)";
				SWIFT_EMIT_LOC_STRINGS = YES;
				SWIFT_VERSION = 5.0;
				TARGETED_DEVICE_FAMILY = "1,2";
			};
			name = Release;
		};
		CF9E04D828B9F35F00FA9881 /* Debug */ = {
			isa = XCBuildConfiguration;
			buildSettings = {
				ALWAYS_EMBED_SWIFT_STANDARD_LIBRARIES = YES;
				BUNDLE_LOADER = "$(TEST_HOST)";
				CODE_SIGN_STYLE = Automatic;
				CURRENT_PROJECT_VERSION = 1;
				GENERATE_INFOPLIST_FILE = YES;
				IPHONEOS_DEPLOYMENT_TARGET = 15.5;
				MARKETING_VERSION = 1.0;
				PRODUCT_BUNDLE_IDENTIFIER = "open-chat.open-chatTests";
				PRODUCT_NAME = "$(TARGET_NAME)";
				SWIFT_EMIT_LOC_STRINGS = NO;
				SWIFT_VERSION = 5.0;
				TARGETED_DEVICE_FAMILY = "1,2";
				TEST_HOST = "$(BUILT_PRODUCTS_DIR)/open-chat.app/open-chat";
			};
			name = Debug;
		};
		CF9E04D928B9F35F00FA9881 /* Release */ = {
			isa = XCBuildConfiguration;
			buildSettings = {
				ALWAYS_EMBED_SWIFT_STANDARD_LIBRARIES = YES;
				BUNDLE_LOADER = "$(TEST_HOST)";
				CODE_SIGN_STYLE = Automatic;
				CURRENT_PROJECT_VERSION = 1;
				GENERATE_INFOPLIST_FILE = YES;
				IPHONEOS_DEPLOYMENT_TARGET = 15.5;
				MARKETING_VERSION = 1.0;
				PRODUCT_BUNDLE_IDENTIFIER = "open-chat.open-chatTests";
				PRODUCT_NAME = "$(TARGET_NAME)";
				SWIFT_EMIT_LOC_STRINGS = NO;
				SWIFT_VERSION = 5.0;
				TARGETED_DEVICE_FAMILY = "1,2";
				TEST_HOST = "$(BUILT_PRODUCTS_DIR)/open-chat.app/open-chat";
			};
			name = Release;
		};
		CF9E04DB28B9F35F00FA9881 /* Debug */ = {
			isa = XCBuildConfiguration;
			buildSettings = {
				ALWAYS_EMBED_SWIFT_STANDARD_LIBRARIES = YES;
				CODE_SIGN_STYLE = Automatic;
				CURRENT_PROJECT_VERSION = 1;
				GENERATE_INFOPLIST_FILE = YES;
				MARKETING_VERSION = 1.0;
				PRODUCT_BUNDLE_IDENTIFIER = "open-chat.open-chatUITests";
				PRODUCT_NAME = "$(TARGET_NAME)";
				SWIFT_EMIT_LOC_STRINGS = NO;
				SWIFT_VERSION = 5.0;
				TARGETED_DEVICE_FAMILY = "1,2";
				TEST_TARGET_NAME = "open-chat";
			};
			name = Debug;
		};
		CF9E04DC28B9F35F00FA9881 /* Release */ = {
			isa = XCBuildConfiguration;
			buildSettings = {
				ALWAYS_EMBED_SWIFT_STANDARD_LIBRARIES = YES;
				CODE_SIGN_STYLE = Automatic;
				CURRENT_PROJECT_VERSION = 1;
				GENERATE_INFOPLIST_FILE = YES;
				MARKETING_VERSION = 1.0;
				PRODUCT_BUNDLE_IDENTIFIER = "open-chat.open-chatUITests";
				PRODUCT_NAME = "$(TARGET_NAME)";
				SWIFT_EMIT_LOC_STRINGS = NO;
				SWIFT_VERSION = 5.0;
				TARGETED_DEVICE_FAMILY = "1,2";
				TEST_TARGET_NAME = "open-chat";
			};
			name = Release;
		};
/* End XCBuildConfiguration section */

/* Begin XCConfigurationList section */
		CF9E04AB28B9F35B00FA9881 /* Build configuration list for PBXProject "open-chat" */ = {
			isa = XCConfigurationList;
			buildConfigurations = (
				CF9E04D228B9F35F00FA9881 /* Debug */,
				CF9E04D328B9F35F00FA9881 /* Release */,
			);
			defaultConfigurationIsVisible = 0;
			defaultConfigurationName = Release;
		};
		CF9E04D428B9F35F00FA9881 /* Build configuration list for PBXNativeTarget "open-chat" */ = {
			isa = XCConfigurationList;
			buildConfigurations = (
				CF9E04D528B9F35F00FA9881 /* Debug */,
				CF9E04D628B9F35F00FA9881 /* Release */,
			);
			defaultConfigurationIsVisible = 0;
			defaultConfigurationName = Release;
		};
		CF9E04D728B9F35F00FA9881 /* Build configuration list for PBXNativeTarget "open-chatTests" */ = {
			isa = XCConfigurationList;
			buildConfigurations = (
				CF9E04D828B9F35F00FA9881 /* Debug */,
				CF9E04D928B9F35F00FA9881 /* Release */,
			);
			defaultConfigurationIsVisible = 0;
			defaultConfigurationName = Release;
		};
		CF9E04DA28B9F35F00FA9881 /* Build configuration list for PBXNativeTarget "open-chatUITests" */ = {
			isa = XCConfigurationList;
			buildConfigurations = (
				CF9E04DB28B9F35F00FA9881 /* Debug */,
				CF9E04DC28B9F35F00FA9881 /* Release */,
			);
			defaultConfigurationIsVisible = 0;
			defaultConfigurationName = Release;
		};
/* End XCConfigurationList section */
	};
	rootObject = CF9E04A828B9F35B00FA9881 /* Project object */;
}
